PODS:
  - Keys (1.0.1)
  - R.swift (6.1.0):
    - R.swift.Library (~> 5.3.0)
  - R.swift.Library (5.3.0)
  - SwiftGen (6.5.1)

DEPENDENCIES:
  - Keys (from `Pods/CocoaPodsKeys`)
  - R.swift
  - SwiftGen (~> 6.0)

SPEC REPOS:
  trunk:
    - R.swift
    - R.swift.Library
    - SwiftGen

EXTERNAL SOURCES:
  Keys:
    :path: Pods/CocoaPodsKeys

SPEC CHECKSUMS:
  Keys: a576f4c9c1c641ca913a959a9c62ed3f215a8de9
  R.swift: ec98ff71c4ab2f6fd01dd077e5afd15e63a4834c
  R.swift.Library: 0fc583cb55a99e28901299cc451614cad1161962
  SwiftGen: a6d22010845f08fe18fbdf3a07a8e380fd22e0ea

PODFILE CHECKSUM: d4c81336c5f4fe5058929da55343f8485661a016

COCOAPODS: 1.11.3
